
Microsoft Visual Studio Solution File, Format Version 12.00
# Visual Studio Version 17
VisualStudioVersion = 17.4.33403.182
MinimumVisualStudioVersion = 10.0.40219.1
Project("{9A19103F-16F7-4668-BE54-9A1E7A4F7556}") = "SimpleCommandParser", "SimpleCommandParser\SimpleCommandParser.csproj", "{22A79CAA-3B68-4122-986D-D392B39E96C5}"
EndProject
Project("{FAE04EC0-301F-11D3-BF4B-00C04F79EFBC}") = "TestSimpleCommandParser", "testSimpleCommandParser\TestSimpleCommandParser.csproj", "{21A970D3-5F70-4E39-92A3-87C097696A8B}"
EndProject
Global
	GlobalSection(SolutionConfigurationPlatforms) = preSolution
		Debug|Any CPU = Debug|Any CPU
		Release|Any CPU = Release|Any CPU
	EndGlobalSection
	GlobalSection(ProjectConfigurationPlatforms) = postSolution
		{22A79CAA-3B68-4122-986D-D392B39E96C5}.Debug|Any CPU.ActiveCfg = Debug|Any CPU
		{22A79CAA-3B68-4122-986D-D392B39E96C5}.Debug|Any CPU.Build.0 = Debug|Any CPU
		{22A79CAA-3B68-4122-986D-D392B39E96C5}.Release|Any CPU.ActiveCfg = Release|Any CPU
		{22A79CAA-3B68-4122-986D-D392B39E96C5}.Release|Any CPU.Build.0 = Release|Any CPU
		{21A970D3-5F70-4E39-92A3-87C097696A8B}.Debug|Any CPU.ActiveCfg = Debug|Any CPU
		{21A970D3-5F70-4E39-92A3-87C097696A8B}.Debug|Any CPU.Build.0 = Debug|Any CPU
		{21A970D3-5F70-4E39-92A3-87C097696A8B}.Release|Any CPU.ActiveCfg = Release|Any CPU
		{21A970D3-5F70-4E39-92A3-87C097696A8B}.Release|Any CPU.Build.0 = Release|Any CPU
	EndGlobalSection
	GlobalSection(SolutionProperties) = preSolution
		HideSolutionNode = FALSE
	EndGlobalSection
	GlobalSection(ExtensibilityGlobals) = postSolution
		SolutionGuid = {B3B88F90-A865-41DD-9052-A19742993814}
	EndGlobalSection
EndGlobal
